# This file is autogenerated, do not edit; changes may be undone by the next 'dep ensure'.


[[projects]]
  name = "github.com/go-zoo/bone"
  packages = ["."]
  revision = "fd0aebc74e908868b09ac140fb5a53cb363884c1"
  version = "1.2"

[[projects]]
  name = "github.com/urfave/negroni"
  packages = ["."]
  revision = "fde5e16d32adc7ad637e9cd9ad21d4ebc6192535"
  version = "v0.2.0"

[solve-meta]
  analyzer-name = "dep"
  analyzer-version = 1
  inputs-digest = "b9a1e9c7548c392b2e4f6e8b5d9416d950d2ec281bf47b90828885f5e2396393"
  solver-name = "gps-cdcl"
  solver-version = 1
